{
  "originHash" : "e910ede9932380a0080a058da2f4f5b2e81f72357f9ed411f7af8bf2572b58ba",
  "pins" : [
    {
      "identity" : "daily-client-ios",
      "kind" : "remoteSourceControl",
      "location" : "https://github.com/daily-co/daily-client-ios",
      "state" : {
        "revision" : "7284d0dc959ef009610f0267d4078dad24f8a038",
        "version" : "0.33.0"
      }
    },
    {
      "identity" : "swift-log",
      "kind" : "remoteSourceControl",
      "location" : "https://github.com/apple/swift-log.git",
      "state" : {
        "revision" : "9cb486020ebf03bfa5b5df985387a14a98744537",
        "version" : "1.6.1"
      }
    }
  ],
  "version" : 3
}
