// !$*UTF8*$!
{
	archiveVersion = 1;
	classes = {
	};
	objectVersion = 54;
	objects = {

/* Begin PBXBuildFile section */
		210630072B5EFA3800A6C8B4 /* LoopingVideoSource.swift in Sources */ = {isa = PBXBuildFile; fileRef = 210630062B5EFA3800A6C8B4 /* LoopingVideoSource.swift */; };
		210630092B5F10FB00A6C8B4 /* movie.mp4 in Resources */ = {isa = PBXBuildFile; fileRef = 210630082B5F10FB00A6C8B4 /* movie.mp4 */; };
		213BB3F42B6463A3003985A6 /* CustomVideoInfoDictionary+Extensions.swift in Sources */ = {isa = PBXBuildFile; fileRef = 213BB3F32B6463A3003985A6 /* CustomVideoInfoDictionary+Extensions.swift */; };
		2DD920FC26FA118800DD526E /* CallViewController.swift in Sources */ = {isa = PBXBuildFile; fileRef = 2DD920FA26FA118800DD526E /* CallViewController.swift */; };
		49B9C7292AD9DBC700AC8C0C /* LocalParticipantViewController.swift in Sources */ = {isa = PBXBuildFile; fileRef = 49B9C7282AD9DBC700AC8C0C /* LocalParticipantViewController.swift */; };
		6109E304294A849B001FCB06 /* PrebuiltChatAppMessage.swift in Sources */ = {isa = PBXBuildFile; fileRef = 6109E303294A849B001FCB06 /* PrebuiltChatAppMessage.swift */; };
		9073BCF02ACAF9B300283154 /* ReplayKit.framework in Frameworks */ = {isa = PBXBuildFile; fileRef = 9073BCEF2ACAF9B300283154 /* ReplayKit.framework */; };
		9073BCF32ACAF9B300283154 /* SampleHandler.swift in Sources */ = {isa = PBXBuildFile; fileRef = 9073BCF22ACAF9B300283154 /* SampleHandler.swift */; };
		9073BCF72ACAF9B300283154 /* DailyDemoScreenCaptureExtension.appex in Embed Foundation Extensions */ = {isa = PBXBuildFile; fileRef = 9073BCEE2ACAF9B300283154 /* DailyDemoScreenCaptureExtension.appex */; settings = {ATTRIBUTES = (RemoveHeadersOnCopy, ); }; };
		90B589472BF3A48300ED366B /* Daily in Frameworks */ = {isa = PBXBuildFile; productRef = 90B589462BF3A48300ED366B /* Daily */; };
		90B589492BF3A48300ED366B /* DailySystemBroadcast in Frameworks */ = {isa = PBXBuildFile; productRef = 90B589482BF3A48300ED366B /* DailySystemBroadcast */; };
		90B5894B2BF3A48D00ED366B /* DailySystemBroadcast in Frameworks */ = {isa = PBXBuildFile; productRef = 90B5894A2BF3A48D00ED366B /* DailySystemBroadcast */; };
		CA183EE028C60CB800BD4883 /* ViewToggleButton.swift in Sources */ = {isa = PBXBuildFile; fileRef = CA183EDF28C60CB800BD4883 /* ViewToggleButton.swift */; };
		CA1C680A284A3D1900303C63 /* ParticipantViewController.swift in Sources */ = {isa = PBXBuildFile; fileRef = CA1C6809284A3D1900303C63 /* ParticipantViewController.swift */; };
		CA4D7A7C27A424F000AC547E /* Logging in Frameworks */ = {isa = PBXBuildFile; productRef = CA4D7A7B27A424F000AC547E /* Logging */; };
		CAA41568288AABFF00CC8BBD /* ToggleButton.swift in Sources */ = {isa = PBXBuildFile; fileRef = CAA41567288AABFF00CC8BBD /* ToggleButton.swift */; };
		CADFCBD12889A11F00032A32 /* Profile+Extensions.swift in Sources */ = {isa = PBXBuildFile; fileRef = CADFCBD02889A11F00032A32 /* Profile+Extensions.swift */; };
		CAE48E37266A8BDD00D2CA2E /* AppDelegate.swift in Sources */ = {isa = PBXBuildFile; fileRef = CAE48E36266A8BDD00D2CA2E /* AppDelegate.swift */; };
		CAE48E39266A8BDD00D2CA2E /* SceneDelegate.swift in Sources */ = {isa = PBXBuildFile; fileRef = CAE48E38266A8BDD00D2CA2E /* SceneDelegate.swift */; };
		CAE48E40266A8BDF00D2CA2E /* Assets.xcassets in Resources */ = {isa = PBXBuildFile; fileRef = CAE48E3F266A8BDF00D2CA2E /* Assets.xcassets */; };
		CAE48E43266A8BDF00D2CA2E /* LaunchScreen.storyboard in Resources */ = {isa = PBXBuildFile; fileRef = CAE48E41266A8BDF00D2CA2E /* LaunchScreen.storyboard */; };
		CAF2FBD327E9F296000F3F07 /* Main.storyboard in Resources */ = {isa = PBXBuildFile; fileRef = CAF2FBD227E9F296000F3F07 /* Main.storyboard */; };
/* End PBXBuildFile section */

/* Begin PBXContainerItemProxy section */
		9073BCF52ACAF9B300283154 /* PBXContainerItemProxy */ = {
			isa = PBXContainerItemProxy;
			containerPortal = CAE48E2B266A8BDD00D2CA2E /* Project object */;
			proxyType = 1;
			remoteGlobalIDString = 9073BCED2ACAF9B300283154;
			remoteInfo = DailyDemoScreenCaptureExtension;
		};
/* End PBXContainerItemProxy section */

/* Begin PBXCopyFilesBuildPhase section */
		9073BCF82ACAF9B300283154 /* Embed Foundation Extensions */ = {
			isa = PBXCopyFilesBuildPhase;
			buildActionMask = 2147483647;
			dstPath = "";
			dstSubfolderSpec = 13;
			files = (
				9073BCF72ACAF9B300283154 /* DailyDemoScreenCaptureExtension.appex in Embed Foundation Extensions */,
			);
			name = "Embed Foundation Extensions";
			runOnlyForDeploymentPostprocessing = 0;
		};
/* End PBXCopyFilesBuildPhase section */

/* Begin PBXFileReference section */
		210630062B5EFA3800A6C8B4 /* LoopingVideoSource.swift */ = {isa = PBXFileReference; lastKnownFileType = sourcecode.swift; path = LoopingVideoSource.swift; sourceTree = "<group>"; };
		210630082B5F10FB00A6C8B4 /* movie.mp4 */ = {isa = PBXFileReference; lastKnownFileType = file; path = movie.mp4; sourceTree = "<group>"; };
		213BB3F32B6463A3003985A6 /* CustomVideoInfoDictionary+Extensions.swift */ = {isa = PBXFileReference; lastKnownFileType = sourcecode.swift; path = "CustomVideoInfoDictionary+Extensions.swift"; sourceTree = "<group>"; };
		2D1FAE8527047E6A001C0986 /* BridgingHeader.h */ = {isa = PBXFileReference; lastKnownFileType = sourcecode.c.h; path = BridgingHeader.h; sourceTree = "<group>"; };
		2DD920FA26FA118800DD526E /* CallViewController.swift */ = {isa = PBXFileReference; lastKnownFileType = sourcecode.swift; path = CallViewController.swift; sourceTree = "<group>"; };
		49B9C7282AD9DBC700AC8C0C /* LocalParticipantViewController.swift */ = {isa = PBXFileReference; fileEncoding = 4; lastKnownFileType = sourcecode.swift; path = LocalParticipantViewController.swift; sourceTree = "<group>"; };
		6109E303294A849B001FCB06 /* PrebuiltChatAppMessage.swift */ = {isa = PBXFileReference; lastKnownFileType = sourcecode.swift; path = PrebuiltChatAppMessage.swift; sourceTree = "<group>"; };
		9073BCEE2ACAF9B300283154 /* DailyDemoScreenCaptureExtension.appex */ = {isa = PBXFileReference; explicitFileType = "wrapper.app-extension"; includeInIndex = 0; path = DailyDemoScreenCaptureExtension.appex; sourceTree = BUILT_PRODUCTS_DIR; };
		9073BCEF2ACAF9B300283154 /* ReplayKit.framework */ = {isa = PBXFileReference; lastKnownFileType = wrapper.framework; name = ReplayKit.framework; path = System/Library/Frameworks/ReplayKit.framework; sourceTree = SDKROOT; };
		9073BCF22ACAF9B300283154 /* SampleHandler.swift */ = {isa = PBXFileReference; lastKnownFileType = sourcecode.swift; path = SampleHandler.swift; sourceTree = "<group>"; };
		9073BCF42ACAF9B300283154 /* Info.plist */ = {isa = PBXFileReference; lastKnownFileType = text.plist.xml; path = Info.plist; sourceTree = "<group>"; };
		9073BCFC2ACAF9C500283154 /* DailyDemoScreenCaptureExtension.entitlements */ = {isa = PBXFileReference; lastKnownFileType = text.plist.entitlements; path = DailyDemoScreenCaptureExtension.entitlements; sourceTree = "<group>"; };
		9073BCFD2ACAF9D800283154 /* DailyDemo.entitlements */ = {isa = PBXFileReference; lastKnownFileType = text.plist.entitlements; path = DailyDemo.entitlements; sourceTree = "<group>"; };
		CA183EDF28C60CB800BD4883 /* ViewToggleButton.swift */ = {isa = PBXFileReference; lastKnownFileType = sourcecode.swift; path = ViewToggleButton.swift; sourceTree = "<group>"; };
		CA1B725126DCF05B006E7E2C /* Daily.framework */ = {isa = PBXFileReference; explicitFileType = wrapper.framework; path = Daily.framework; sourceTree = BUILT_PRODUCTS_DIR; };
		CA1C6809284A3D1900303C63 /* ParticipantViewController.swift */ = {isa = PBXFileReference; lastKnownFileType = sourcecode.swift; path = ParticipantViewController.swift; sourceTree = "<group>"; };
		CAA41567288AABFF00CC8BBD /* ToggleButton.swift */ = {isa = PBXFileReference; lastKnownFileType = sourcecode.swift; path = ToggleButton.swift; sourceTree = "<group>"; };
		CAC45C372AE1649200FC0467 /* DailySystemBroadcast.framework */ = {isa = PBXFileReference; explicitFileType = wrapper.framework; path = DailySystemBroadcast.framework; sourceTree = BUILT_PRODUCTS_DIR; };
		CADFCBD02889A11F00032A32 /* Profile+Extensions.swift */ = {isa = PBXFileReference; lastKnownFileType = sourcecode.swift; path = "Profile+Extensions.swift"; sourceTree = "<group>"; };
		CAE48E33266A8BDD00D2CA2E /* DailyDemo.app */ = {isa = PBXFileReference; explicitFileType = wrapper.application; includeInIndex = 0; path = DailyDemo.app; sourceTree = BUILT_PRODUCTS_DIR; };
		CAE48E36266A8BDD00D2CA2E /* AppDelegate.swift */ = {isa = PBXFileReference; lastKnownFileType = sourcecode.swift; path = AppDelegate.swift; sourceTree = "<group>"; };
		CAE48E38266A8BDD00D2CA2E /* SceneDelegate.swift */ = {isa = PBXFileReference; lastKnownFileType = sourcecode.swift; path = SceneDelegate.swift; sourceTree = "<group>"; };
		CAE48E3F266A8BDF00D2CA2E /* Assets.xcassets */ = {isa = PBXFileReference; lastKnownFileType = folder.assetcatalog; path = Assets.xcassets; sourceTree = "<group>"; };
		CAE48E42266A8BDF00D2CA2E /* Base */ = {isa = PBXFileReference; lastKnownFileType = file.storyboard; name = Base; path = Base.lproj/LaunchScreen.storyboard; sourceTree = "<group>"; };
		CAE48E44266A8BDF00D2CA2E /* Info.plist */ = {isa = PBXFileReference; lastKnownFileType = text.plist.xml; path = Info.plist; sourceTree = "<group>"; };
		CAE48E5B266AA40200D2CA2E /* README.md */ = {isa = PBXFileReference; fileEncoding = 4; lastKnownFileType = net.daringfireball.markdown; path = README.md; sourceTree = "<group>"; };
		CAF2FBD227E9F296000F3F07 /* Main.storyboard */ = {isa = PBXFileReference; lastKnownFileType = file.storyboard; path = Main.storyboard; sourceTree = "<group>"; };
/* End PBXFileReference section */

/* Begin PBXFrameworksBuildPhase section */
		9073BCEB2ACAF9B300283154 /* Frameworks */ = {
			isa = PBXFrameworksBuildPhase;
			buildActionMask = 2147483647;
			files = (
				9073BCF02ACAF9B300283154 /* ReplayKit.framework in Frameworks */,
				90B5894B2BF3A48D00ED366B /* DailySystemBroadcast in Frameworks */,
			);
			runOnlyForDeploymentPostprocessing = 0;
		};
		CAE48E30266A8BDD00D2CA2E /* Frameworks */ = {
			isa = PBXFrameworksBuildPhase;
			buildActionMask = 2147483647;
			files = (
				90B589472BF3A48300ED366B /* Daily in Frameworks */,
				CA4D7A7C27A424F000AC547E /* Logging in Frameworks */,
				90B589492BF3A48300ED366B /* DailySystemBroadcast in Frameworks */,
			);
			runOnlyForDeploymentPostprocessing = 0;
		};
/* End PBXFrameworksBuildPhase section */

/* Begin PBXGroup section */
		2DD920FF26FA11A200DD526E /* View Controllers */ = {
			isa = PBXGroup;
			children = (
				2DD920FA26FA118800DD526E /* CallViewController.swift */,
				CA1C6809284A3D1900303C63 /* ParticipantViewController.swift */,
				49B9C7282AD9DBC700AC8C0C /* LocalParticipantViewController.swift */,
			);
			path = "View Controllers";
			sourceTree = "<group>";
		};
		9073BCF12ACAF9B300283154 /* DailyDemoScreenCaptureExtension */ = {
			isa = PBXGroup;
			children = (
				9073BCFC2ACAF9C500283154 /* DailyDemoScreenCaptureExtension.entitlements */,
				9073BCF22ACAF9B300283154 /* SampleHandler.swift */,
				9073BCF42ACAF9B300283154 /* Info.plist */,
			);
			path = DailyDemoScreenCaptureExtension;
			sourceTree = "<group>";
		};
		CAE48E2A266A8BDD00D2CA2E = {
			isa = PBXGroup;
			children = (
				CAE48E5B266AA40200D2CA2E /* README.md */,
				CAE48E35266A8BDD00D2CA2E /* DailyDemo */,
				9073BCF12ACAF9B300283154 /* DailyDemoScreenCaptureExtension */,
				CAE48E34266A8BDD00D2CA2E /* Products */,
				CAE48E4A266A8C9A00D2CA2E /* Frameworks */,
			);
			sourceTree = "<group>";
		};
		CAE48E34266A8BDD00D2CA2E /* Products */ = {
			isa = PBXGroup;
			children = (
				CAE48E33266A8BDD00D2CA2E /* DailyDemo.app */,
				9073BCEE2ACAF9B300283154 /* DailyDemoScreenCaptureExtension.appex */,
			);
			name = Products;
			sourceTree = "<group>";
		};
		CAE48E35266A8BDD00D2CA2E /* DailyDemo */ = {
			isa = PBXGroup;
			children = (
				210630082B5F10FB00A6C8B4 /* movie.mp4 */,
				9073BCFD2ACAF9D800283154 /* DailyDemo.entitlements */,
				CAE48E36266A8BDD00D2CA2E /* AppDelegate.swift */,
				CAE48E38266A8BDD00D2CA2E /* SceneDelegate.swift */,
				CAA41567288AABFF00CC8BBD /* ToggleButton.swift */,
				CA183EDF28C60CB800BD4883 /* ViewToggleButton.swift */,
				CADFCBD02889A11F00032A32 /* Profile+Extensions.swift */,
				2DD920FF26FA11A200DD526E /* View Controllers */,
				CAE48E3F266A8BDF00D2CA2E /* Assets.xcassets */,
				CAE48E41266A8BDF00D2CA2E /* LaunchScreen.storyboard */,
				CAF2FBD227E9F296000F3F07 /* Main.storyboard */,
				CAE48E44266A8BDF00D2CA2E /* Info.plist */,
				2D1FAE8527047E6A001C0986 /* BridgingHeader.h */,
				6109E303294A849B001FCB06 /* PrebuiltChatAppMessage.swift */,
				210630062B5EFA3800A6C8B4 /* LoopingVideoSource.swift */,
				213BB3F32B6463A3003985A6 /* CustomVideoInfoDictionary+Extensions.swift */,
			);
			path = DailyDemo;
			sourceTree = "<group>";
		};
		CAE48E4A266A8C9A00D2CA2E /* Frameworks */ = {
			isa = PBXGroup;
			children = (
				CAC45C372AE1649200FC0467 /* DailySystemBroadcast.framework */,
				CA1B725126DCF05B006E7E2C /* Daily.framework */,
				9073BCEF2ACAF9B300283154 /* ReplayKit.framework */,
			);
			name = Frameworks;
			sourceTree = "<group>";
		};
/* End PBXGroup section */

/* Begin PBXNativeTarget section */
		9073BCED2ACAF9B300283154 /* DailyDemoScreenCaptureExtension */ = {
			isa = PBXNativeTarget;
			buildConfigurationList = 9073BCFB2ACAF9B300283154 /* Build configuration list for PBXNativeTarget "DailyDemoScreenCaptureExtension" */;
			buildPhases = (
				9073BCEA2ACAF9B300283154 /* Sources */,
				9073BCEB2ACAF9B300283154 /* Frameworks */,
				9073BCEC2ACAF9B300283154 /* Resources */,
			);
			buildRules = (
			);
			dependencies = (
			);
			name = DailyDemoScreenCaptureExtension;
			packageProductDependencies = (
				90B5894A2BF3A48D00ED366B /* DailySystemBroadcast */,
			);
			productName = DailyDemoScreenCaptureExtension;
			productReference = 9073BCEE2ACAF9B300283154 /* DailyDemoScreenCaptureExtension.appex */;
			productType = "com.apple.product-type.app-extension";
		};
		CAE48E32266A8BDD00D2CA2E /* DailyDemo */ = {
			isa = PBXNativeTarget;
			buildConfigurationList = CAE48E47266A8BDF00D2CA2E /* Build configuration list for PBXNativeTarget "DailyDemo" */;
			buildPhases = (
				CAE48E2F266A8BDD00D2CA2E /* Sources */,
				CAE48E30266A8BDD00D2CA2E /* Frameworks */,
				CAE48E31266A8BDD00D2CA2E /* Resources */,
				9073BCF82ACAF9B300283154 /* Embed Foundation Extensions */,
			);
			buildRules = (
			);
			dependencies = (
				9073BCF62ACAF9B300283154 /* PBXTargetDependency */,
			);
			name = DailyDemo;
			packageProductDependencies = (
				CA4D7A7B27A424F000AC547E /* Logging */,
				90B589462BF3A48300ED366B /* Daily */,
				90B589482BF3A48300ED366B /* DailySystemBroadcast */,
			);
			productName = DailyDemo;
			productReference = CAE48E33266A8BDD00D2CA2E /* DailyDemo.app */;
			productType = "com.apple.product-type.application";
		};
/* End PBXNativeTarget section */

/* Begin PBXProject section */
		CAE48E2B266A8BDD00D2CA2E /* Project object */ = {
			isa = PBXProject;
			attributes = {
				LastSwiftUpdateCheck = 1430;
				LastUpgradeCheck = 1250;
				TargetAttributes = {
					9073BCED2ACAF9B300283154 = {
						CreatedOnToolsVersion = 14.3.1;
					};
					CAE48E32266A8BDD00D2CA2E = {
						CreatedOnToolsVersion = 12.5;
					};
				};
			};
			buildConfigurationList = CAE48E2E266A8BDD00D2CA2E /* Build configuration list for PBXProject "DailyDemo" */;
			compatibilityVersion = "Xcode 9.3";
			developmentRegion = en;
			hasScannedForEncodings = 0;
			knownRegions = (
				en,
				Base,
			);
			mainGroup = CAE48E2A266A8BDD00D2CA2E;
			packageReferences = (
				CA4D7A7A27A424F000AC547E /* XCRemoteSwiftPackageReference "swift-log" */,
				90B589452BF3A48300ED366B /* XCRemoteSwiftPackageReference "daily-client-ios" */,
			);
			productRefGroup = CAE48E34266A8BDD00D2CA2E /* Products */;
			projectDirPath = "";
			projectRoot = "";
			targets = (
				CAE48E32266A8BDD00D2CA2E /* DailyDemo */,
				9073BCED2ACAF9B300283154 /* DailyDemoScreenCaptureExtension */,
			);
		};
/* End PBXProject section */

/* Begin PBXResourcesBuildPhase section */
		9073BCEC2ACAF9B300283154 /* Resources */ = {
			isa = PBXResourcesBuildPhase;
			buildActionMask = 2147483647;
			files = (
			);
			runOnlyForDeploymentPostprocessing = 0;
		};
		CAE48E31266A8BDD00D2CA2E /* Resources */ = {
			isa = PBXResourcesBuildPhase;
			buildActionMask = 2147483647;
			files = (
				210630092B5F10FB00A6C8B4 /* movie.mp4 in Resources */,
				CAF2FBD327E9F296000F3F07 /* Main.storyboard in Resources */,
				CAE48E43266A8BDF00D2CA2E /* LaunchScreen.storyboard in Resources */,
				CAE48E40266A8BDF00D2CA2E /* Assets.xcassets in Resources */,
			);
			runOnlyForDeploymentPostprocessing = 0;
		};
/* End PBXResourcesBuildPhase section */

/* Begin PBXSourcesBuildPhase section */
		9073BCEA2ACAF9B300283154 /* Sources */ = {
			isa = PBXSourcesBuildPhase;
			buildActionMask = 2147483647;
			files = (
				9073BCF32ACAF9B300283154 /* SampleHandler.swift in Sources */,
			);
			runOnlyForDeploymentPostprocessing = 0;
		};
		CAE48E2F266A8BDD00D2CA2E /* Sources */ = {
			isa = PBXSourcesBuildPhase;
			buildActionMask = 2147483647;
			files = (
				CADFCBD12889A11F00032A32 /* Profile+Extensions.swift in Sources */,
				210630072B5EFA3800A6C8B4 /* LoopingVideoSource.swift in Sources */,
				CA1C680A284A3D1900303C63 /* ParticipantViewController.swift in Sources */,
				CAA41568288AABFF00CC8BBD /* ToggleButton.swift in Sources */,
				CAE48E37266A8BDD00D2CA2E /* AppDelegate.swift in Sources */,
				6109E304294A849B001FCB06 /* PrebuiltChatAppMessage.swift in Sources */,
				213BB3F42B6463A3003985A6 /* CustomVideoInfoDictionary+Extensions.swift in Sources */,
				2DD920FC26FA118800DD526E /* CallViewController.swift in Sources */,
				CA183EE028C60CB800BD4883 /* ViewToggleButton.swift in Sources */,
				49B9C7292AD9DBC700AC8C0C /* LocalParticipantViewController.swift in Sources */,
				CAE48E39266A8BDD00D2CA2E /* SceneDelegate.swift in Sources */,
			);
			runOnlyForDeploymentPostprocessing = 0;
		};
/* End PBXSourcesBuildPhase section */

/* Begin PBXTargetDependency section */
		9073BCF62ACAF9B300283154 /* PBXTargetDependency */ = {
			isa = PBXTargetDependency;
			target = 9073BCED2ACAF9B300283154 /* DailyDemoScreenCaptureExtension */;
			targetProxy = 9073BCF52ACAF9B300283154 /* PBXContainerItemProxy */;
		};
/* End PBXTargetDependency section */

/* Begin PBXVariantGroup section */
		CAE48E41266A8BDF00D2CA2E /* LaunchScreen.storyboard */ = {
			isa = PBXVariantGroup;
			children = (
				CAE48E42266A8BDF00D2CA2E /* Base */,
			);
			name = LaunchScreen.storyboard;
			sourceTree = "<group>";
		};
/* End PBXVariantGroup section */

/* Begin XCBuildConfiguration section */
		9073BCF92ACAF9B300283154 /* Debug */ = {
			isa = XCBuildConfiguration;
			buildSettings = {
				CLANG_CXX_LANGUAGE_STANDARD = "gnu++20";
				CODE_SIGN_ENTITLEMENTS = DailyDemoScreenCaptureExtension/DailyDemoScreenCaptureExtension.entitlements;
				CODE_SIGN_IDENTITY = "Apple Development";
				CODE_SIGN_STYLE = Automatic;
				CURRENT_PROJECT_VERSION = 1;
				DEVELOPMENT_TEAM = EEBGKV9N3N;
				GENERATE_INFOPLIST_FILE = YES;
				INFOPLIST_FILE = DailyDemoScreenCaptureExtension/Info.plist;
				INFOPLIST_KEY_CFBundleDisplayName = DailyDemoScreenCaptureExtension;
				INFOPLIST_KEY_NSHumanReadableCopyright = "";
				IPHONEOS_DEPLOYMENT_TARGET = 14.0;
				LD_RUNPATH_SEARCH_PATHS = (
					"$(inherited)",
					"@executable_path/Frameworks",
					"@executable_path/../../Frameworks",
				);
				MARKETING_VERSION = 1.0;
				PRODUCT_BUNDLE_IDENTIFIER = co.daily.DailyDemo.DailyDemoScreenCaptureExtension;
				PRODUCT_NAME = "$(TARGET_NAME)";
				SKIP_INSTALL = YES;
				SWIFT_EMIT_LOC_STRINGS = YES;
				SWIFT_VERSION = 5.0;
				TARGETED_DEVICE_FAMILY = "1,2";
			};
			name = Debug;
		};
		9073BCFA2ACAF9B300283154 /* Release */ = {
			isa = XCBuildConfiguration;
			buildSettings = {
				CLANG_CXX_LANGUAGE_STANDARD = "gnu++20";
				CODE_SIGN_ENTITLEMENTS = DailyDemoScreenCaptureExtension/DailyDemoScreenCaptureExtension.entitlements;
				CODE_SIGN_IDENTITY = "Apple Development";
				CODE_SIGN_STYLE = Automatic;
				CURRENT_PROJECT_VERSION = 1;
				DEVELOPMENT_TEAM = EEBGKV9N3N;
				GENERATE_INFOPLIST_FILE = YES;
				INFOPLIST_FILE = DailyDemoScreenCaptureExtension/Info.plist;
				INFOPLIST_KEY_CFBundleDisplayName = DailyDemoScreenCaptureExtension;
				INFOPLIST_KEY_NSHumanReadableCopyright = "";
				IPHONEOS_DEPLOYMENT_TARGET = 14.0;
				LD_RUNPATH_SEARCH_PATHS = (
					"$(inherited)",
					"@executable_path/Frameworks",
					"@executable_path/../../Frameworks",
				);
				MARKETING_VERSION = 1.0;
				PRODUCT_BUNDLE_IDENTIFIER = co.daily.DailyDemo.DailyDemoScreenCaptureExtension;
				PRODUCT_NAME = "$(TARGET_NAME)";
				SKIP_INSTALL = YES;
				SWIFT_EMIT_LOC_STRINGS = YES;
				SWIFT_VERSION = 5.0;
				TARGETED_DEVICE_FAMILY = "1,2";
			};
			name = Release;
		};
		CAE48E45266A8BDF00D2CA2E /* Debug */ = {
			isa = XCBuildConfiguration;
			buildSettings = {
				ALWAYS_SEARCH_USER_PATHS = NO;
				CLANG_ANALYZER_NONNULL = YES;
				CLANG_ANALYZER_NUMBER_OBJECT_CONVERSION = YES_AGGRESSIVE;
				CLANG_CXX_LANGUAGE_STANDARD = "gnu++14";
				CLANG_CXX_LIBRARY = "libc++";
				CLANG_ENABLE_MODULES = YES;
				CLANG_ENABLE_OBJC_ARC = YES;
				CLANG_ENABLE_OBJC_WEAK = YES;
				CLANG_WARN_BLOCK_CAPTURE_AUTORELEASING = YES;
				CLANG_WARN_BOOL_CONVERSION = YES;
				CLANG_WARN_COMMA = YES;
				CLANG_WARN_CONSTANT_CONVERSION = YES;
				CLANG_WARN_DEPRECATED_OBJC_IMPLEMENTATIONS = YES;
				CLANG_WARN_DIRECT_OBJC_ISA_USAGE = YES_ERROR;
				CLANG_WARN_DOCUMENTATION_COMMENTS = YES;
				CLANG_WARN_EMPTY_BODY = YES;
				CLANG_WARN_ENUM_CONVERSION = YES;
				CLANG_WARN_INFINITE_RECURSION = YES;
				CLANG_WARN_INT_CONVERSION = YES;
				CLANG_WARN_NON_LITERAL_NULL_CONVERSION = YES;
				CLANG_WARN_OBJC_IMPLICIT_RETAIN_SELF = YES;
				CLANG_WARN_OBJC_LITERAL_CONVERSION = YES;
				CLANG_WARN_OBJC_ROOT_CLASS = YES_ERROR;
				CLANG_WARN_QUOTED_INCLUDE_IN_FRAMEWORK_HEADER = YES;
				CLANG_WARN_RANGE_LOOP_ANALYSIS = YES;
				CLANG_WARN_STRICT_PROTOTYPES = YES;
				CLANG_WARN_SUSPICIOUS_MOVE = YES;
				CLANG_WARN_UNGUARDED_AVAILABILITY = YES_AGGRESSIVE;
				CLANG_WARN_UNREACHABLE_CODE = YES;
				CLANG_WARN__DUPLICATE_METHOD_MATCH = YES;
				COPY_PHASE_STRIP = NO;
				DEBUG_INFORMATION_FORMAT = dwarf;
				ENABLE_BITCODE = NO;
				ENABLE_STRICT_OBJC_MSGSEND = YES;
				ENABLE_TESTABILITY = YES;
				GCC_C_LANGUAGE_STANDARD = gnu11;
				GCC_DYNAMIC_NO_PIC = NO;
				GCC_NO_COMMON_BLOCKS = YES;
				GCC_OPTIMIZATION_LEVEL = 0;
				GCC_PREPROCESSOR_DEFINITIONS = (
					"DEBUG=1",
					"$(inherited)",
				);
				GCC_WARN_64_TO_32_BIT_CONVERSION = YES;
				GCC_WARN_ABOUT_RETURN_TYPE = YES_ERROR;
				GCC_WARN_UNDECLARED_SELECTOR = YES;
				GCC_WARN_UNINITIALIZED_AUTOS = YES_AGGRESSIVE;
				GCC_WARN_UNUSED_FUNCTION = YES;
				GCC_WARN_UNUSED_VARIABLE = YES;
				MARKETING_VERSION = 0.16.0;
				MTL_ENABLE_DEBUG_INFO = INCLUDE_SOURCE;
				MTL_FAST_MATH = YES;
				ONLY_ACTIVE_ARCH = YES;
				SDKROOT = iphoneos;
				SWIFT_ACTIVE_COMPILATION_CONDITIONS = DEBUG;
				SWIFT_OPTIMIZATION_LEVEL = "-Onone";
			};
			name = Debug;
		};
		CAE48E46266A8BDF00D2CA2E /* Release */ = {
			isa = XCBuildConfiguration;
			buildSettings = {
				ALWAYS_SEARCH_USER_PATHS = NO;
				CLANG_ANALYZER_NONNULL = YES;
				CLANG_ANALYZER_NUMBER_OBJECT_CONVERSION = YES_AGGRESSIVE;
				CLANG_CXX_LANGUAGE_STANDARD = "gnu++14";
				CLANG_CXX_LIBRARY = "libc++";
				CLANG_ENABLE_MODULES = YES;
				CLANG_ENABLE_OBJC_ARC = YES;
				CLANG_ENABLE_OBJC_WEAK = YES;
				CLANG_WARN_BLOCK_CAPTURE_AUTORELEASING = YES;
				CLANG_WARN_BOOL_CONVERSION = YES;
				CLANG_WARN_COMMA = YES;
				CLANG_WARN_CONSTANT_CONVERSION = YES;
				CLANG_WARN_DEPRECATED_OBJC_IMPLEMENTATIONS = YES;
				CLANG_WARN_DIRECT_OBJC_ISA_USAGE = YES_ERROR;
				CLANG_WARN_DOCUMENTATION_COMMENTS = YES;
				CLANG_WARN_EMPTY_BODY = YES;
				CLANG_WARN_ENUM_CONVERSION = YES;
				CLANG_WARN_INFINITE_RECURSION = YES;
				CLANG_WARN_INT_CONVERSION = YES;
				CLANG_WARN_NON_LITERAL_NULL_CONVERSION = YES;
				CLANG_WARN_OBJC_IMPLICIT_RETAIN_SELF = YES;
				CLANG_WARN_OBJC_LITERAL_CONVERSION = YES;
				CLANG_WARN_OBJC_ROOT_CLASS = YES_ERROR;
				CLANG_WARN_QUOTED_INCLUDE_IN_FRAMEWORK_HEADER = YES;
				CLANG_WARN_RANGE_LOOP_ANALYSIS = YES;
				CLANG_WARN_STRICT_PROTOTYPES = YES;
				CLANG_WARN_SUSPICIOUS_MOVE = YES;
				CLANG_WARN_UNGUARDED_AVAILABILITY = YES_AGGRESSIVE;
				CLANG_WARN_UNREACHABLE_CODE = YES;
				CLANG_WARN__DUPLICATE_METHOD_MATCH = YES;
				COPY_PHASE_STRIP = NO;
				DEBUG_INFORMATION_FORMAT = "dwarf-with-dsym";
				ENABLE_BITCODE = NO;
				ENABLE_NS_ASSERTIONS = NO;
				ENABLE_STRICT_OBJC_MSGSEND = YES;
				GCC_C_LANGUAGE_STANDARD = gnu11;
				GCC_NO_COMMON_BLOCKS = YES;
				GCC_WARN_64_TO_32_BIT_CONVERSION = YES;
				GCC_WARN_ABOUT_RETURN_TYPE = YES_ERROR;
				GCC_WARN_UNDECLARED_SELECTOR = YES;
				GCC_WARN_UNINITIALIZED_AUTOS = YES_AGGRESSIVE;
				GCC_WARN_UNUSED_FUNCTION = YES;
				GCC_WARN_UNUSED_VARIABLE = YES;
				MARKETING_VERSION = 0.16.0;
				MTL_ENABLE_DEBUG_INFO = NO;
				MTL_FAST_MATH = YES;
				SDKROOT = iphoneos;
				SWIFT_COMPILATION_MODE = wholemodule;
				SWIFT_OPTIMIZATION_LEVEL = "-O";
				VALIDATE_PRODUCT = YES;
			};
			name = Release;
		};
		CAE48E48266A8BDF00D2CA2E /* Debug */ = {
			isa = XCBuildConfiguration;
			buildSettings = {
				ALWAYS_EMBED_SWIFT_STANDARD_LIBRARIES = YES;
				ASSETCATALOG_COMPILER_APPICON_NAME = AppIcon;
				ASSETCATALOG_COMPILER_GLOBAL_ACCENT_COLOR_NAME = AccentColor;
				CODE_SIGN_ENTITLEMENTS = DailyDemo/DailyDemo.entitlements;
				CODE_SIGN_IDENTITY = "Apple Development";
				CODE_SIGN_STYLE = Automatic;
				CURRENT_PROJECT_VERSION = 1;
				DEVELOPMENT_TEAM = EEBGKV9N3N;
				FRAMEWORK_SEARCH_PATHS = "$(BUILT_PRODUCTS_DIR)";
				INFOPLIST_FILE = DailyDemo/Info.plist;
				INFOPLIST_KEY_CFBundleDisplayName = "Daily iOS Demo";
				INFOPLIST_KEY_UILaunchStoryboardName = LaunchScreen;
				INFOPLIST_KEY_UIMainStoryboardFile = Main;
				IPHONEOS_DEPLOYMENT_TARGET = 14.0;
				LD_RUNPATH_SEARCH_PATHS = (
					"$(inherited)",
					"@executable_path/Frameworks",
					"@executable_path/../Frameworks",
				);
				PRODUCT_BUNDLE_IDENTIFIER = co.daily.DailyDemo;
				PRODUCT_NAME = "$(TARGET_NAME)";
				PROVISIONING_PROFILE_SPECIFIER = "";
				SWIFT_OBJC_BRIDGING_HEADER = DailyDemo/BridgingHeader.h;
				SWIFT_VERSION = 5.0;
				TARGETED_DEVICE_FAMILY = "1,2";
			};
			name = Debug;
		};
		CAE48E49266A8BDF00D2CA2E /* Release */ = {
			isa = XCBuildConfiguration;
			buildSettings = {
				ALWAYS_EMBED_SWIFT_STANDARD_LIBRARIES = YES;
				ASSETCATALOG_COMPILER_APPICON_NAME = AppIcon;
				ASSETCATALOG_COMPILER_GLOBAL_ACCENT_COLOR_NAME = AccentColor;
				CODE_SIGN_ENTITLEMENTS = DailyDemo/DailyDemo.entitlements;
				CODE_SIGN_IDENTITY = "Apple Development";
				CODE_SIGN_STYLE = Automatic;
				CURRENT_PROJECT_VERSION = 1;
				DEVELOPMENT_TEAM = EEBGKV9N3N;
				FRAMEWORK_SEARCH_PATHS = "${TARGET_BUILD_DIR}/Daily.framework";
				INFOPLIST_FILE = DailyDemo/Info.plist;
				INFOPLIST_KEY_CFBundleDisplayName = "Daily iOS Demo";
				INFOPLIST_KEY_UILaunchStoryboardName = LaunchScreen;
				INFOPLIST_KEY_UIMainStoryboardFile = Main;
				IPHONEOS_DEPLOYMENT_TARGET = 14.0;
				LD_RUNPATH_SEARCH_PATHS = (
					"$(inherited)",
					"@executable_path/Frameworks",
					"@executable_path/../Frameworks",
				);
				PRODUCT_BUNDLE_IDENTIFIER = co.daily.DailyDemo;
				PRODUCT_NAME = "$(TARGET_NAME)";
				PROVISIONING_PROFILE_SPECIFIER = "";
				SWIFT_OBJC_BRIDGING_HEADER = DailyDemo/BridgingHeader.h;
				SWIFT_VERSION = 5.0;
				TARGETED_DEVICE_FAMILY = "1,2";
			};
			name = Release;
		};
/* End XCBuildConfiguration section */

/* Begin XCConfigurationList section */
		9073BCFB2ACAF9B300283154 /* Build configuration list for PBXNativeTarget "DailyDemoScreenCaptureExtension" */ = {
			isa = XCConfigurationList;
			buildConfigurations = (
				9073BCF92ACAF9B300283154 /* Debug */,
				9073BCFA2ACAF9B300283154 /* Release */,
			);
			defaultConfigurationIsVisible = 0;
			defaultConfigurationName = Release;
		};
		CAE48E2E266A8BDD00D2CA2E /* Build configuration list for PBXProject "DailyDemo" */ = {
			isa = XCConfigurationList;
			buildConfigurations = (
				CAE48E45266A8BDF00D2CA2E /* Debug */,
				CAE48E46266A8BDF00D2CA2E /* Release */,
			);
			defaultConfigurationIsVisible = 0;
			defaultConfigurationName = Release;
		};
		CAE48E47266A8BDF00D2CA2E /* Build configuration list for PBXNativeTarget "DailyDemo" */ = {
			isa = XCConfigurationList;
			buildConfigurations = (
				CAE48E48266A8BDF00D2CA2E /* Debug */,
				CAE48E49266A8BDF00D2CA2E /* Release */,
			);
			defaultConfigurationIsVisible = 0;
			defaultConfigurationName = Release;
		};
/* End XCConfigurationList section */

/* Begin XCRemoteSwiftPackageReference section */
		90B589452BF3A48300ED366B /* XCRemoteSwiftPackageReference "daily-client-ios" */ = {
			isa = XCRemoteSwiftPackageReference;
			repositoryURL = "https://github.com/daily-co/daily-client-ios";
			requirement = {
				kind = upToNextMajorVersion;
				minimumVersion = 0.20.0;
			};
		};
		CA4D7A7A27A424F000AC547E /* XCRemoteSwiftPackageReference "swift-log" */ = {
			isa = XCRemoteSwiftPackageReference;
			repositoryURL = "https://github.com/apple/swift-log.git";
			requirement = {
				kind = upToNextMajorVersion;
				minimumVersion = 1.0.0;
			};
		};
/* End XCRemoteSwiftPackageReference section */

/* Begin XCSwiftPackageProductDependency section */
		90B589462BF3A48300ED366B /* Daily */ = {
			isa = XCSwiftPackageProductDependency;
			package = 90B589452BF3A48300ED366B /* XCRemoteSwiftPackageReference "daily-client-ios" */;
			productName = Daily;
		};
		90B589482BF3A48300ED366B /* DailySystemBroadcast */ = {
			isa = XCSwiftPackageProductDependency;
			package = 90B589452BF3A48300ED366B /* XCRemoteSwiftPackageReference "daily-client-ios" */;
			productName = DailySystemBroadcast;
		};
		90B5894A2BF3A48D00ED366B /* DailySystemBroadcast */ = {
			isa = XCSwiftPackageProductDependency;
			package = 90B589452BF3A48300ED366B /* XCRemoteSwiftPackageReference "daily-client-ios" */;
			productName = DailySystemBroadcast;
		};
		CA4D7A7B27A424F000AC547E /* Logging */ = {
			isa = XCSwiftPackageProductDependency;
			package = CA4D7A7A27A424F000AC547E /* XCRemoteSwiftPackageReference "swift-log" */;
			productName = Logging;
		};
/* End XCSwiftPackageProductDependency section */
	};
	rootObject = CAE48E2B266A8BDD00D2CA2E /* Project object */;
}
